{
  "name": "nbur21",
  "lockfileVersion": 2,
  "requires": true,
  "packages": {
    "": {
      "dependencies": {
        "txtanime.js": "^1.1.0"
      }
    },
    "node_modules/txtanime.js": {
      "version": "1.1.0",
      "resolved": "https://registry.npmjs.org/txtanime.js/-/txtanime.js-1.1.0.tgz",
      "integrity": "sha512-ITMSFMq+9im43dfXBiBCR4ALbedNwPzfcTztP5a4Dc/h/YcCoxDI1/rHwwNShD55eQ4/TYtuKpFJrSIHyAnFpw=="
    }
  },
  "dependencies": {
    "txtanime.js": {
      "version": "1.1.0",
      "resolved": "https://registry.npmjs.org/txtanime.js/-/txtanime.js-1.1.0.tgz",
      "integrity": "sha512-ITMSFMq+9im43dfXBiBCR4ALbedNwPzfcTztP5a4Dc/h/YcCoxDI1/rHwwNShD55eQ4/TYtuKpFJrSIHyAnFpw=="
    }
  }
}
